
Microsoft Visual Studio Solution File, Format Version 12.00
# Visual Studio Version 17
VisualStudioVersion = 17.6.33815.320
MinimumVisualStudioVersion = 10.0.40219.1
Project("{FAE04EC0-301F-11D3-BF4B-00C04F79EFBC}") = "DeviceRegister", "DeviceRegister\DeviceRegister.csproj", "{EE990020-181B-410E-ACC0-D2C8B2B6CF1C}"
EndProject
Global
	GlobalSection(SolutionConfigurationPlatforms) = preSolution
		Debug|Any CPU = Debug|Any CPU
		Release|Any CPU = Release|Any CPU
	EndGlobalSection
	GlobalSection(ProjectConfigurationPlatforms) = postSolution
		{EE990020-181B-410E-ACC0-D2C8B2B6CF1C}.Debug|Any CPU.ActiveCfg = Debug|Any CPU
		{EE990020-181B-410E-ACC0-D2C8B2B6CF1C}.Debug|Any CPU.Build.0 = Debug|Any CPU
		{EE990020-181B-410E-ACC0-D2C8B2B6CF1C}.Release|Any CPU.ActiveCfg = Release|Any CPU
		{EE990020-181B-410E-ACC0-D2C8B2B6CF1C}.Release|Any CPU.Build.0 = Release|Any CPU
	EndGlobalSection
	GlobalSection(SolutionProperties) = preSolution
		HideSolutionNode = FALSE
	EndGlobalSection
	GlobalSection(ExtensibilityGlobals) = postSolution
		SolutionGuid = {C439673A-674B-4707-8BC9-6D559C07B02B}
	EndGlobalSection
EndGlobal
